
Microsoft Visual Studio Solution File, Format Version 12.00
# Visual Studio Version 17
VisualStudioVersion = 17.12.35514.174 d17.12
MinimumVisualStudioVersion = 10.0.40219.1
Project("{FAE04EC0-301F-11D3-BF4B-00C04F79EFBC}") = "OlhoNoBus.API", "OlhoNoBus\OlhoNoBus.API.csproj", "{8375274F-1434-450C-9E1C-FB1EF6F09661}"
EndProject
Project("{FAE04EC0-301F-11D3-BF4B-00C04F79EFBC}") = "OlhoNoBus.Core", "OlhoNoBus.Core\OlhoNoBus.Core.csproj", "{7460A315-211E-43D7-B1D3-FF8E4CEFABE7}"
EndProject
Project("{FAE04EC0-301F-11D3-BF4B-00C04F79EFBC}") = "OlhoNoBus.Infrastructure", "OlhoNoBus.Infrastructure\OlhoNoBus.Infrastructure.csproj", "{097057CB-7116-4F57-A3F2-37DC9A0B90D3}"
EndProject
Global
	GlobalSection(SolutionConfigurationPlatforms) = preSolution
		Debug|Any CPU = Debug|Any CPU
		Release|Any CPU = Release|Any CPU
	EndGlobalSection
	GlobalSection(ProjectConfigurationPlatforms) = postSolution
		{8375274F-1434-450C-9E1C-FB1EF6F09661}.Debug|Any CPU.ActiveCfg = Debug|Any CPU
		{8375274F-1434-450C-9E1C-FB1EF6F09661}.Debug|Any CPU.Build.0 = Debug|Any CPU
		{8375274F-1434-450C-9E1C-FB1EF6F09661}.Release|Any CPU.ActiveCfg = Release|Any CPU
		{8375274F-1434-450C-9E1C-FB1EF6F09661}.Release|Any CPU.Build.0 = Release|Any CPU
		{7460A315-211E-43D7-B1D3-FF8E4CEFABE7}.Debug|Any CPU.ActiveCfg = Debug|Any CPU
		{7460A315-211E-43D7-B1D3-FF8E4CEFABE7}.Debug|Any CPU.Build.0 = Debug|Any CPU
		{7460A315-211E-43D7-B1D3-FF8E4CEFABE7}.Release|Any CPU.ActiveCfg = Release|Any CPU
		{7460A315-211E-43D7-B1D3-FF8E4CEFABE7}.Release|Any CPU.Build.0 = Release|Any CPU
		{097057CB-7116-4F57-A3F2-37DC9A0B90D3}.Debug|Any CPU.ActiveCfg = Debug|Any CPU
		{097057CB-7116-4F57-A3F2-37DC9A0B90D3}.Debug|Any CPU.Build.0 = Debug|Any CPU
		{097057CB-7116-4F57-A3F2-37DC9A0B90D3}.Release|Any CPU.ActiveCfg = Release|Any CPU
		{097057CB-7116-4F57-A3F2-37DC9A0B90D3}.Release|Any CPU.Build.0 = Release|Any CPU
	EndGlobalSection
	GlobalSection(SolutionProperties) = preSolution
		HideSolutionNode = FALSE
	EndGlobalSection
EndGlobal
